
Microsoft Visual Studio Solution File, Format Version 12.00
# Visual Studio Version 16
VisualStudioVersion = 16.0.31205.134
MinimumVisualStudioVersion = 10.0.40219.1
Project("{FAE04EC0-301F-11D3-BF4B-00C04F79EFBC}") = "posforKotaStore", "posforKotaStore\posforKotaStore.csproj", "{DB8F578F-112F-45CF-B1B9-6D49B6B5A482}"
EndProject
Global
	GlobalSection(SolutionConfigurationPlatforms) = preSolution
		Debug|Any CPU = Debug|Any CPU
		Release|Any CPU = Release|Any CPU
	EndGlobalSection
	GlobalSection(ProjectConfigurationPlatforms) = postSolution
		{DB8F578F-112F-45CF-B1B9-6D49B6B5A482}.Debug|Any CPU.ActiveCfg = Debug|Any CPU
		{DB8F578F-112F-45CF-B1B9-6D49B6B5A482}.Debug|Any CPU.Build.0 = Debug|Any CPU
		{DB8F578F-112F-45CF-B1B9-6D49B6B5A482}.Release|Any CPU.ActiveCfg = Release|Any CPU
		{DB8F578F-112F-45CF-B1B9-6D49B6B5A482}.Release|Any CPU.Build.0 = Release|Any CPU
	EndGlobalSection
	GlobalSection(SolutionProperties) = preSolution
		HideSolutionNode = FALSE
	EndGlobalSection
	GlobalSection(ExtensibilityGlobals) = postSolution
		SolutionGuid = {ACC69ABF-2A64-4679-BE15-1AE75F6F439F}
	EndGlobalSection
EndGlobal
